
Microsoft Visual Studio Solution File, Format Version 12.00
# Visual Studio Version 16
VisualStudioVersion = 25.0.1705.4
MinimumVisualStudioVersion = 10.0.40219.1
Project("{2150E333-8FDC-42A3-9474-1A3956D46DE8}") = "Creational", "Creational", "{DF70BB49-5166-4A4D-9D5D-08A13BAD8544}"
EndProject
Project("{2150E333-8FDC-42A3-9474-1A3956D46DE8}") = "Structural", "Structural", "{56BD94D4-103D-4E2B-8161-F3314F1CFBE2}"
EndProject
Project("{2150E333-8FDC-42A3-9474-1A3956D46DE8}") = "Behavioral", "Behavioral", "{E553D789-53FF-4CB0-A78C-933030298B9F}"
EndProject
Project("{FAE04EC0-301F-11D3-BF4B-00C04F79EFBC}") = "Singleton", "Singleton\Singleton.csproj", "{A53ADB1B-3D4A-4300-8B4A-1F44455A4C82}"
EndProject
Project("{FAE04EC0-301F-11D3-BF4B-00C04F79EFBC}") = "Factory", "Factory\Factory.csproj", "{38F86B42-EBB2-4F8E-90AB-EF716D14D69E}"
EndProject
Project("{FAE04EC0-301F-11D3-BF4B-00C04F79EFBC}") = "AbstractFactory", "AbstractFactory\AbstractFactory.csproj", "{A399D349-9518-4244-9835-38A21D3FBBC3}"
EndProject
Project("{FAE04EC0-301F-11D3-BF4B-00C04F79EFBC}") = "Builder", "Builder\Builder.csproj", "{59BDEDA9-5919-43B8-B25F-B5918FD7D641}"
EndProject
Project("{FAE04EC0-301F-11D3-BF4B-00C04F79EFBC}") = "Prototype", "Prototype\Prototype.csproj", "{CDE2339E-D407-441D-8D49-2A6466FBB443}"
EndProject
Project("{FAE04EC0-301F-11D3-BF4B-00C04F79EFBC}") = "Adapter", "Adapter\Adapter.csproj", "{85C45E24-D154-4370-9403-B96C55C23EB9}"
EndProject
Project("{FAE04EC0-301F-11D3-BF4B-00C04F79EFBC}") = "Bridge", "Bridge\Bridge.csproj", "{4EFFBBE0-B523-4D0E-913A-046C23BF2F68}"
EndProject
Project("{FAE04EC0-301F-11D3-BF4B-00C04F79EFBC}") = "Decorator", "Decorator\Decorator.csproj", "{FD60F400-F9E4-44BF-9029-FECFEF91D3A2}"
EndProject
Project("{FAE04EC0-301F-11D3-BF4B-00C04F79EFBC}") = "Composite", "Composite\Composite.csproj", "{231DED2C-971B-42ED-B1A0-81371071B17A}"
EndProject
Project("{FAE04EC0-301F-11D3-BF4B-00C04F79EFBC}") = "Facade", "Facade\Facade.csproj", "{35FE492C-9DE4-4116-9130-545D61ACFFBE}"
EndProject
Project("{FAE04EC0-301F-11D3-BF4B-00C04F79EFBC}") = "Proxy", "Proxy\Proxy.csproj", "{CC6D240A-E23D-47CC-AD7D-467C2F01469E}"
EndProject
Project("{FAE04EC0-301F-11D3-BF4B-00C04F79EFBC}") = "Flyweight", "Flyweight\Flyweight.csproj", "{61BFDB7E-F372-456E-8CC0-0382AE8C6409}"
EndProject
Project("{FAE04EC0-301F-11D3-BF4B-00C04F79EFBC}") = "TemplateMethod", "TemplateMethod\TemplateMethod.csproj", "{18DD5AC4-90B1-4FA4-AAED-057442A63B9F}"
EndProject
Project("{FAE04EC0-301F-11D3-BF4B-00C04F79EFBC}") = "Strategy", "Strategy\Strategy.csproj", "{4B1ADE54-4B71-4277-AC8E-29E41D93E3FD}"
EndProject
Project("{FAE04EC0-301F-11D3-BF4B-00C04F79EFBC}") = "Command", "Command\Command.csproj", "{BF650DA6-66CB-41B6-81F6-75F13EA79EEB}"
EndProject
Project("{FAE04EC0-301F-11D3-BF4B-00C04F79EFBC}") = "Memento", "Memento\Memento.csproj", "{1A63AFD9-6153-4CE0-A52B-8B1DEAFF960F}"
EndProject
Project("{FAE04EC0-301F-11D3-BF4B-00C04F79EFBC}") = "Mediator", "Mediator\Mediator.csproj", "{45DC663B-D550-415D-A5D2-C6F327E0CDD4}"
EndProject
Project("{FAE04EC0-301F-11D3-BF4B-00C04F79EFBC}") = "ChainOfResponsibility", "ChainOfResponsibility\ChainOfResponsibility.csproj", "{A9A3575D-AB69-4744-8E3D-D23A1F6F6FF0}"
EndProject
Project("{FAE04EC0-301F-11D3-BF4B-00C04F79EFBC}") = "Observer", "Observer\Observer.csproj", "{7A0D6874-437F-47DC-B710-25C3FA8C7818}"
EndProject
Project("{FAE04EC0-301F-11D3-BF4B-00C04F79EFBC}") = "Iterator", "Iterator\Iterator.csproj", "{1772F85A-5BBC-42CD-AF55-D763FA3DF2EB}"
EndProject
Project("{FAE04EC0-301F-11D3-BF4B-00C04F79EFBC}") = "State", "State\State.csproj", "{B6727E02-1482-4420-8ED0-C681A77B01B6}"
EndProject
Project("{FAE04EC0-301F-11D3-BF4B-00C04F79EFBC}") = "Visitor", "Visitor\Visitor.csproj", "{2ED9D11E-687D-4341-912B-B478731C8881}"
EndProject
Project("{FAE04EC0-301F-11D3-BF4B-00C04F79EFBC}") = "Interpreter", "Interpreter\Interpreter.csproj", "{26325640-2658-49E1-A676-8D5BED60DDAC}"
EndProject
Global
	GlobalSection(SolutionConfigurationPlatforms) = preSolution
		Debug|Any CPU = Debug|Any CPU
		Release|Any CPU = Release|Any CPU
	EndGlobalSection
	GlobalSection(ProjectConfigurationPlatforms) = postSolution
		{A53ADB1B-3D4A-4300-8B4A-1F44455A4C82}.Debug|Any CPU.ActiveCfg = Debug|Any CPU
		{A53ADB1B-3D4A-4300-8B4A-1F44455A4C82}.Debug|Any CPU.Build.0 = Debug|Any CPU
		{A53ADB1B-3D4A-4300-8B4A-1F44455A4C82}.Release|Any CPU.ActiveCfg = Release|Any CPU
		{A53ADB1B-3D4A-4300-8B4A-1F44455A4C82}.Release|Any CPU.Build.0 = Release|Any CPU
		{38F86B42-EBB2-4F8E-90AB-EF716D14D69E}.Debug|Any CPU.ActiveCfg = Debug|Any CPU
		{38F86B42-EBB2-4F8E-90AB-EF716D14D69E}.Debug|Any CPU.Build.0 = Debug|Any CPU
		{38F86B42-EBB2-4F8E-90AB-EF716D14D69E}.Release|Any CPU.ActiveCfg = Release|Any CPU
		{38F86B42-EBB2-4F8E-90AB-EF716D14D69E}.Release|Any CPU.Build.0 = Release|Any CPU
		{A399D349-9518-4244-9835-38A21D3FBBC3}.Debug|Any CPU.ActiveCfg = Debug|Any CPU
		{A399D349-9518-4244-9835-38A21D3FBBC3}.Debug|Any CPU.Build.0 = Debug|Any CPU
		{A399D349-9518-4244-9835-38A21D3FBBC3}.Release|Any CPU.ActiveCfg = Release|Any CPU
		{A399D349-9518-4244-9835-38A21D3FBBC3}.Release|Any CPU.Build.0 = Release|Any CPU
		{59BDEDA9-5919-43B8-B25F-B5918FD7D641}.Debug|Any CPU.ActiveCfg = Debug|Any CPU
		{59BDEDA9-5919-43B8-B25F-B5918FD7D641}.Debug|Any CPU.Build.0 = Debug|Any CPU
		{59BDEDA9-5919-43B8-B25F-B5918FD7D641}.Release|Any CPU.ActiveCfg = Release|Any CPU
		{59BDEDA9-5919-43B8-B25F-B5918FD7D641}.Release|Any CPU.Build.0 = Release|Any CPU
		{CDE2339E-D407-441D-8D49-2A6466FBB443}.Debug|Any CPU.ActiveCfg = Debug|Any CPU
		{CDE2339E-D407-441D-8D49-2A6466FBB443}.Debug|Any CPU.Build.0 = Debug|Any CPU
		{CDE2339E-D407-441D-8D49-2A6466FBB443}.Release|Any CPU.ActiveCfg = Release|Any CPU
		{CDE2339E-D407-441D-8D49-2A6466FBB443}.Release|Any CPU.Build.0 = Release|Any CPU
		{85C45E24-D154-4370-9403-B96C55C23EB9}.Debug|Any CPU.ActiveCfg = Debug|Any CPU
		{85C45E24-D154-4370-9403-B96C55C23EB9}.Debug|Any CPU.Build.0 = Debug|Any CPU
		{85C45E24-D154-4370-9403-B96C55C23EB9}.Release|Any CPU.ActiveCfg = Release|Any CPU
		{85C45E24-D154-4370-9403-B96C55C23EB9}.Release|Any CPU.Build.0 = Release|Any CPU
		{4EFFBBE0-B523-4D0E-913A-046C23BF2F68}.Debug|Any CPU.ActiveCfg = Debug|Any CPU
		{4EFFBBE0-B523-4D0E-913A-046C23BF2F68}.Debug|Any CPU.Build.0 = Debug|Any CPU
		{4EFFBBE0-B523-4D0E-913A-046C23BF2F68}.Release|Any CPU.ActiveCfg = Release|Any CPU
		{4EFFBBE0-B523-4D0E-913A-046C23BF2F68}.Release|Any CPU.Build.0 = Release|Any CPU
		{FD60F400-F9E4-44BF-9029-FECFEF91D3A2}.Debug|Any CPU.ActiveCfg = Debug|Any CPU
		{FD60F400-F9E4-44BF-9029-FECFEF91D3A2}.Debug|Any CPU.Build.0 = Debug|Any CPU
		{FD60F400-F9E4-44BF-9029-FECFEF91D3A2}.Release|Any CPU.ActiveCfg = Release|Any CPU
		{FD60F400-F9E4-44BF-9029-FECFEF91D3A2}.Release|Any CPU.Build.0 = Release|Any CPU
		{231DED2C-971B-42ED-B1A0-81371071B17A}.Debug|Any CPU.ActiveCfg = Debug|Any CPU
		{231DED2C-971B-42ED-B1A0-81371071B17A}.Debug|Any CPU.Build.0 = Debug|Any CPU
		{231DED2C-971B-42ED-B1A0-81371071B17A}.Release|Any CPU.ActiveCfg = Release|Any CPU
		{231DED2C-971B-42ED-B1A0-81371071B17A}.Release|Any CPU.Build.0 = Release|Any CPU
		{35FE492C-9DE4-4116-9130-545D61ACFFBE}.Debug|Any CPU.ActiveCfg = Debug|Any CPU
		{35FE492C-9DE4-4116-9130-545D61ACFFBE}.Debug|Any CPU.Build.0 = Debug|Any CPU
		{35FE492C-9DE4-4116-9130-545D61ACFFBE}.Release|Any CPU.ActiveCfg = Release|Any CPU
		{35FE492C-9DE4-4116-9130-545D61ACFFBE}.Release|Any CPU.Build.0 = Release|Any CPU
		{CC6D240A-E23D-47CC-AD7D-467C2F01469E}.Debug|Any CPU.ActiveCfg = Debug|Any CPU
		{CC6D240A-E23D-47CC-AD7D-467C2F01469E}.Debug|Any CPU.Build.0 = Debug|Any CPU
		{CC6D240A-E23D-47CC-AD7D-467C2F01469E}.Release|Any CPU.ActiveCfg = Release|Any CPU
		{CC6D240A-E23D-47CC-AD7D-467C2F01469E}.Release|Any CPU.Build.0 = Release|Any CPU
		{61BFDB7E-F372-456E-8CC0-0382AE8C6409}.Debug|Any CPU.ActiveCfg = Debug|Any CPU
		{61BFDB7E-F372-456E-8CC0-0382AE8C6409}.Debug|Any CPU.Build.0 = Debug|Any CPU
		{61BFDB7E-F372-456E-8CC0-0382AE8C6409}.Release|Any CPU.ActiveCfg = Release|Any CPU
		{61BFDB7E-F372-456E-8CC0-0382AE8C6409}.Release|Any CPU.Build.0 = Release|Any CPU
		{18DD5AC4-90B1-4FA4-AAED-057442A63B9F}.Debug|Any CPU.ActiveCfg = Debug|Any CPU
		{18DD5AC4-90B1-4FA4-AAED-057442A63B9F}.Debug|Any CPU.Build.0 = Debug|Any CPU
		{18DD5AC4-90B1-4FA4-AAED-057442A63B9F}.Release|Any CPU.ActiveCfg = Release|Any CPU
		{18DD5AC4-90B1-4FA4-AAED-057442A63B9F}.Release|Any CPU.Build.0 = Release|Any CPU
		{4B1ADE54-4B71-4277-AC8E-29E41D93E3FD}.Debug|Any CPU.ActiveCfg = Debug|Any CPU
		{4B1ADE54-4B71-4277-AC8E-29E41D93E3FD}.Debug|Any CPU.Build.0 = Debug|Any CPU
		{4B1ADE54-4B71-4277-AC8E-29E41D93E3FD}.Release|Any CPU.ActiveCfg = Release|Any CPU
		{4B1ADE54-4B71-4277-AC8E-29E41D93E3FD}.Release|Any CPU.Build.0 = Release|Any CPU
		{BF650DA6-66CB-41B6-81F6-75F13EA79EEB}.Debug|Any CPU.ActiveCfg = Debug|Any CPU
		{BF650DA6-66CB-41B6-81F6-75F13EA79EEB}.Debug|Any CPU.Build.0 = Debug|Any CPU
		{BF650DA6-66CB-41B6-81F6-75F13EA79EEB}.Release|Any CPU.ActiveCfg = Release|Any CPU
		{BF650DA6-66CB-41B6-81F6-75F13EA79EEB}.Release|Any CPU.Build.0 = Release|Any CPU
		{1A63AFD9-6153-4CE0-A52B-8B1DEAFF960F}.Debug|Any CPU.ActiveCfg = Debug|Any CPU
		{1A63AFD9-6153-4CE0-A52B-8B1DEAFF960F}.Debug|Any CPU.Build.0 = Debug|Any CPU
		{1A63AFD9-6153-4CE0-A52B-8B1DEAFF960F}.Release|Any CPU.ActiveCfg = Release|Any CPU
		{1A63AFD9-6153-4CE0-A52B-8B1DEAFF960F}.Release|Any CPU.Build.0 = Release|Any CPU
		{45DC663B-D550-415D-A5D2-C6F327E0CDD4}.Debug|Any CPU.ActiveCfg = Debug|Any CPU
		{45DC663B-D550-415D-A5D2-C6F327E0CDD4}.Debug|Any CPU.Build.0 = Debug|Any CPU
		{45DC663B-D550-415D-A5D2-C6F327E0CDD4}.Release|Any CPU.ActiveCfg = Release|Any CPU
		{45DC663B-D550-415D-A5D2-C6F327E0CDD4}.Release|Any CPU.Build.0 = Release|Any CPU
		{A9A3575D-AB69-4744-8E3D-D23A1F6F6FF0}.Debug|Any CPU.ActiveCfg = Debug|Any CPU
		{A9A3575D-AB69-4744-8E3D-D23A1F6F6FF0}.Debug|Any CPU.Build.0 = Debug|Any CPU
		{A9A3575D-AB69-4744-8E3D-D23A1F6F6FF0}.Release|Any CPU.ActiveCfg = Release|Any CPU
		{A9A3575D-AB69-4744-8E3D-D23A1F6F6FF0}.Release|Any CPU.Build.0 = Release|Any CPU
		{7A0D6874-437F-47DC-B710-25C3FA8C7818}.Debug|Any CPU.ActiveCfg = Debug|Any CPU
		{7A0D6874-437F-47DC-B710-25C3FA8C7818}.Debug|Any CPU.Build.0 = Debug|Any CPU
		{7A0D6874-437F-47DC-B710-25C3FA8C7818}.Release|Any CPU.ActiveCfg = Release|Any CPU
		{7A0D6874-437F-47DC-B710-25C3FA8C7818}.Release|Any CPU.Build.0 = Release|Any CPU
		{1772F85A-5BBC-42CD-AF55-D763FA3DF2EB}.Debug|Any CPU.ActiveCfg = Debug|Any CPU
		{1772F85A-5BBC-42CD-AF55-D763FA3DF2EB}.Debug|Any CPU.Build.0 = Debug|Any CPU
		{1772F85A-5BBC-42CD-AF55-D763FA3DF2EB}.Release|Any CPU.ActiveCfg = Release|Any CPU
		{1772F85A-5BBC-42CD-AF55-D763FA3DF2EB}.Release|Any CPU.Build.0 = Release|Any CPU
		{B6727E02-1482-4420-8ED0-C681A77B01B6}.Debug|Any CPU.ActiveCfg = Debug|Any CPU
		{B6727E02-1482-4420-8ED0-C681A77B01B6}.Debug|Any CPU.Build.0 = Debug|Any CPU
		{B6727E02-1482-4420-8ED0-C681A77B01B6}.Release|Any CPU.ActiveCfg = Release|Any CPU
		{B6727E02-1482-4420-8ED0-C681A77B01B6}.Release|Any CPU.Build.0 = Release|Any CPU
		{2ED9D11E-687D-4341-912B-B478731C8881}.Debug|Any CPU.ActiveCfg = Debug|Any CPU
		{2ED9D11E-687D-4341-912B-B478731C8881}.Debug|Any CPU.Build.0 = Debug|Any CPU
		{2ED9D11E-687D-4341-912B-B478731C8881}.Release|Any CPU.ActiveCfg = Release|Any CPU
		{2ED9D11E-687D-4341-912B-B478731C8881}.Release|Any CPU.Build.0 = Release|Any CPU
		{26325640-2658-49E1-A676-8D5BED60DDAC}.Debug|Any CPU.ActiveCfg = Debug|Any CPU
		{26325640-2658-49E1-A676-8D5BED60DDAC}.Debug|Any CPU.Build.0 = Debug|Any CPU
		{26325640-2658-49E1-A676-8D5BED60DDAC}.Release|Any CPU.ActiveCfg = Release|Any CPU
		{26325640-2658-49E1-A676-8D5BED60DDAC}.Release|Any CPU.Build.0 = Release|Any CPU
	EndGlobalSection
	GlobalSection(SolutionProperties) = preSolution
		HideSolutionNode = FALSE
	EndGlobalSection
	GlobalSection(ExtensibilityGlobals) = postSolution
		SolutionGuid = {335DA2A8-8538-4E92-9415-B59546821DDB}
	EndGlobalSection
	GlobalSection(NestedProjects) = preSolution
		{A53ADB1B-3D4A-4300-8B4A-1F44455A4C82} = {DF70BB49-5166-4A4D-9D5D-08A13BAD8544}
		{38F86B42-EBB2-4F8E-90AB-EF716D14D69E} = {DF70BB49-5166-4A4D-9D5D-08A13BAD8544}
		{A399D349-9518-4244-9835-38A21D3FBBC3} = {DF70BB49-5166-4A4D-9D5D-08A13BAD8544}
		{59BDEDA9-5919-43B8-B25F-B5918FD7D641} = {DF70BB49-5166-4A4D-9D5D-08A13BAD8544}
		{CDE2339E-D407-441D-8D49-2A6466FBB443} = {DF70BB49-5166-4A4D-9D5D-08A13BAD8544}
		{85C45E24-D154-4370-9403-B96C55C23EB9} = {56BD94D4-103D-4E2B-8161-F3314F1CFBE2}
		{4EFFBBE0-B523-4D0E-913A-046C23BF2F68} = {56BD94D4-103D-4E2B-8161-F3314F1CFBE2}
		{FD60F400-F9E4-44BF-9029-FECFEF91D3A2} = {56BD94D4-103D-4E2B-8161-F3314F1CFBE2}
		{231DED2C-971B-42ED-B1A0-81371071B17A} = {56BD94D4-103D-4E2B-8161-F3314F1CFBE2}
		{35FE492C-9DE4-4116-9130-545D61ACFFBE} = {56BD94D4-103D-4E2B-8161-F3314F1CFBE2}
		{CC6D240A-E23D-47CC-AD7D-467C2F01469E} = {56BD94D4-103D-4E2B-8161-F3314F1CFBE2}
		{61BFDB7E-F372-456E-8CC0-0382AE8C6409} = {56BD94D4-103D-4E2B-8161-F3314F1CFBE2}
		{18DD5AC4-90B1-4FA4-AAED-057442A63B9F} = {E553D789-53FF-4CB0-A78C-933030298B9F}
		{4B1ADE54-4B71-4277-AC8E-29E41D93E3FD} = {E553D789-53FF-4CB0-A78C-933030298B9F}
		{BF650DA6-66CB-41B6-81F6-75F13EA79EEB} = {E553D789-53FF-4CB0-A78C-933030298B9F}
		{1A63AFD9-6153-4CE0-A52B-8B1DEAFF960F} = {E553D789-53FF-4CB0-A78C-933030298B9F}
		{45DC663B-D550-415D-A5D2-C6F327E0CDD4} = {E553D789-53FF-4CB0-A78C-933030298B9F}
		{A9A3575D-AB69-4744-8E3D-D23A1F6F6FF0} = {E553D789-53FF-4CB0-A78C-933030298B9F}
		{7A0D6874-437F-47DC-B710-25C3FA8C7818} = {E553D789-53FF-4CB0-A78C-933030298B9F}
		{1772F85A-5BBC-42CD-AF55-D763FA3DF2EB} = {E553D789-53FF-4CB0-A78C-933030298B9F}
		{B6727E02-1482-4420-8ED0-C681A77B01B6} = {E553D789-53FF-4CB0-A78C-933030298B9F}
		{2ED9D11E-687D-4341-912B-B478731C8881} = {E553D789-53FF-4CB0-A78C-933030298B9F}
		{26325640-2658-49E1-A676-8D5BED60DDAC} = {E553D789-53FF-4CB0-A78C-933030298B9F}
	EndGlobalSection
EndGlobal
